# This file is automatically @generated by Poetry 2.2.1 and should not be changed by hand.

[[package]]
name = "anyio"
version = "4.4.0"
description = "High level compatibility layer for multiple asynchronous event loop implementations"
optional = false
python-versions = ">=3.8"
groups = ["main"]
files = [
    {file = "anyio-4.4.0-py3-none-any.whl", hash = "sha256:c1b2d8f46a8a812513012e1107cb0e68c17159a7a594208005a57dc776e1bdc7"},
    {file = "anyio-4.4.0.tar.gz", hash = "sha256:5aadc6a1bbb7cdb0bede386cac5e2940f5e2ff3aa20277e991cf028e0585ce94"},
]

[package.dependencies]
exceptiongroup = {version = ">=1.0.2", markers = "python_version < \"3.11\""}
idna = ">=2.8"
sniffio = ">=1.1"
typing-extensions = {version = ">=4.1", markers = "python_version < \"3.11\""}

[package.extras]
doc = ["Sphinx (>=7)", "packaging", "sphinx-autodoc-typehints (>=1.2.0)", "sphinx-rtd-theme"]
test = ["anyio[trio]", "coverage[toml] (>=7)", "exceptiongroup (>=1.2.0)", "hypothesis (>=4.0)", "psutil (>=5.9)", "pytest (>=7.0)", "pytest-mock (>=3.6.1)", "trustme", "uvloop (>=0.17) ; platform_python_implementation == \"CPython\" and platform_system != \"Windows\""]
trio = ["trio (>=0.23)"]

[[package]]
name = "certifi"
version = "2024.7.4"
description = "Python package for providing Mozilla's CA Bundle."
optional = false
python-versions = ">=3.6"
groups = ["main"]
files = [
    {file = "certifi-2024.7.4-py3-none-any.whl", hash = "sha256:c198e21b1289c2ab85ee4e67bb4b4ef3ead0892059901a8d5b622f24a1101e90"},
    {file = "certifi-2024.7.4.tar.gz", hash = "sha256:5a1e7645bc0ec61a09e26c36f6106dd4cf40c6db3a1fb6352b0244e7fb057c7b"},
]

[[package]]
name = "click"
version = "8.1.7"
description = "Composable command line interface toolkit"
optional = false
python-versions = ">=3.7"
groups = ["main"]
files = [
    {file = "click-8.1.7-py3-none-any.whl", hash = "sha256:ae74fb96c20a0277a1d615f1e4d73c8414f5a98db8b799a7931d1582f3390c28"},
    {file = "click-8.1.7.tar.gz", hash = "sha256:ca9853ad459e787e2192211578cc907e7594e294c7ccc834310722b41b9ca6de"},
]

[package.dependencies]
colorama = {version = "*", markers = "platform_system == \"Windows\""}

[[package]]
name = "colorama"
version = "0.4.6"
description = "Cross-platform colored terminal text."
optional = false
python-versions = "!=3.0.*,!=3.1.*,!=3.2.*,!=3.3.*,!=3.4.*,!=3.5.*,!=3.6.*,>=2.7"
groups = ["main"]
markers = "platform_system == \"Windows\""
files = [
    {file = "colorama-0.4.6-py2.py3-none-any.whl", hash = "sha256:4f1d9991f5acc0ca119f9d443620b77f9d6b33703e51011c16baf57afb285fc6"},
    {file = "colorama-0.4.6.tar.gz", hash = "sha256:08695f5cb7ed6e0531a20572697297273c47b8cae5a63ffc6d6ed5c201be6e44"},
]

[[package]]
name = "exceptiongroup"
version = "1.2.1"
description = "Backport of PEP 654 (exception groups)"
optional = false
python-versions = ">=3.7"
groups = ["main"]
markers = "python_version < \"3.11\""
files = [
    {file = "exceptiongroup-1.2.1-py3-none-any.whl", hash = "sha256:5258b9ed329c5bbdd31a309f53cbfb0b155341807f6ff7606a1e801a891b29ad"},
    {file = "exceptiongroup-1.2.1.tar.gz", hash = "sha256:a4785e48b045528f5bfe627b6ad554ff32def154f42372786903b7abcfe1aa16"},
]

[package.extras]
test = ["pytest (>=6)"]

[[package]]
name = "h11"
version = "0.16.0"
description = "A pure-Python, bring-your-own-I/O implementation of HTTP/1.1"
optional = false
python-versions = ">=3.8"
groups = ["main"]
files = [
    {file = "h11-0.16.0-py3-none-any.whl", hash = "sha256:63cf8bbe7522de3bf65932fda1d9c2772064ffb3dae62d55932da54b31cb6c86"},
    {file = "h11-0.16.0.tar.gz", hash = "sha256:4e35b956cf45792e4caa5885e69fba00bdbc6ffafbfa020300e549b208ee5ff1"},
]

[[package]]
name = "httpcore"
version = "1.0.9"
description = "A minimal low-level HTTP client."
optional = false
python-versions = ">=3.8"
groups = ["main"]
files = [
    {file = "httpcore-1.0.9-py3-none-any.whl", hash = "sha256:2d400746a40668fc9dec9810239072b40b4484b640a8c38fd654a024c7a1bf55"},
    {file = "httpcore-1.0.9.tar.gz", hash = "sha256:6e34463af53fd2ab5d807f399a9b45ea31c3dfa2276f15a2c3f00afff6e176e8"},
]

[package.dependencies]
certifi = "*"
h11 = ">=0.16"

[package.extras]
asyncio = ["anyio (>=4.0,<5.0)"]
http2 = ["h2 (>=3,<5)"]
socks = ["socksio (==1.*)"]
trio = ["trio (>=0.22.0,<1.0)"]

[[package]]
name = "httpx"
version = "0.28.1"
description = "The next generation HTTP client."
optional = false
python-versions = ">=3.8"
groups = ["main"]
files = [
    {file = "httpx-0.28.1-py3-none-any.whl", hash = "sha256:d909fcccc110f8c7faf814ca82a9a4d816bc5a6dbfea25d6591d6985b8ba59ad"},
    {file = "httpx-0.28.1.tar.gz", hash = "sha256:75e98c5f16b0f35b567856f597f06ff2270a374470a5c2392242528e3e3e42fc"},
]

[package.dependencies]
anyio = "*"
certifi = "*"
httpcore = "==1.*"
idna = "*"

[package.extras]
brotli = ["brotli ; platform_python_implementation == \"CPython\"", "brotlicffi ; platform_python_implementation != \"CPython\""]
cli = ["click (==8.*)", "pygments (==2.*)", "rich (>=10,<14)"]
http2 = ["h2 (>=3,<5)"]
socks = ["socksio (==1.*)"]
zstd = ["zstandard (>=0.18.0)"]

[[package]]
name = "httpx-sse"
version = "0.4.0"
description = "Consume Server-Sent Event (SSE) messages with HTTPX."
optional = false
python-versions = ">=3.8"
groups = ["main"]
files = [
    {file = "httpx-sse-0.4.0.tar.gz", hash = "sha256:1e81a3a3070ce322add1d3529ed42eb5f70817f45ed6ec915ab753f961139721"},
    {file = "httpx_sse-0.4.0-py3-none-any.whl", hash = "sha256:f329af6eae57eaa2bdfd962b42524764af68075ea87370a2de920af5341e318f"},
]

[[package]]
name = "idna"
version = "3.7"
description = "Internationalized Domain Names in Applications (IDNA)"
optional = false
python-versions = ">=3.5"
groups = ["main"]
files = [
    {file = "idna-3.7-py3-none-any.whl", hash = "sha256:82fee1fc78add43492d3a1898bfa6d8a904cc97d8427f683ed8e798d07761aa0"},
    {file = "idna-3.7.tar.gz", hash = "sha256:028ff3aadf0609c1fd278d8ea3089299412a7a8b9bd005dd08b9f8285bcb5cfc"},
]

[[package]]
name = "langgraph-cli"
version = "0.2.7"
description = "CLI for interacting with LangGraph API"
optional = false
python-versions = "^3.9.0,<4.0"
groups = ["main"]
files = []
develop = true

[package.dependencies]
click = "^8.1.7"

[package.extras]
inmem = ["langgraph-api (>=0.1.12,<0.2.0) ; python_version >= \"3.11\" and python_version < \"4.0\"", "langgraph-runtime-inmem (>=0.0.1,<0.1.0) ; python_version >= \"3.11\" and python_version < \"4.0\"", "python-dotenv (>=0.8.0)"]

[package.source]
type = "directory"
url = "../../cli"

[[package]]
name = "langgraph-sdk"
version = "0.1.29"
description = "SDK for interacting with LangGraph API"
optional = false
python-versions = "^3.9.0,<4.0"
groups = ["main"]
files = []
develop = true

[package.dependencies]
httpx = ">=0.25.2"
httpx-sse = ">=0.4.0"
orjson = ">=3.10.1"

[package.source]
type = "directory"
url = "../../sdk-py"

[[package]]
name = "orjson"
version = "3.11.5"
description = "Fast, correct Python JSON library supporting dataclasses, datetimes, and numpy"
optional = false
python-versions = ">=3.9"
groups = ["main"]
files = [
    {file = "orjson-3.11.5-cp310-cp310-macosx_10_15_x86_64.macosx_11_0_arm64.macosx_10_15_universal2.whl", hash = "sha256:df9eadb2a6386d5ea2bfd81309c505e125cfc9ba2b1b99a97e60985b0b3665d1"},
    {file = "orjson-3.11.5-cp310-cp310-manylinux_2_17_aarch64.manylinux2014_aarch64.whl", hash = "sha256:ccc70da619744467d8f1f49a8cadae5ec7bbe054e5232d95f92ed8737f8c5870"},
    {file = "orjson-3.11.5-cp310-cp310-manylinux_2_17_armv7l.manylinux2014_armv7l.whl", hash = "sha256:073aab025294c2f6fc0807201c76fdaed86f8fc4be52c440fb78fbb759a1ac09"},
    {file = "orjson-3.11.5-cp310-cp310-manylinux_2_17_i686.manylinux2014_i686.whl", hash = "sha256:835f26fa24ba0bb8c53ae2a9328d1706135b74ec653ed933869b74b6909e63fd"},
    {file = "orjson-3.11.5-cp310-cp310-manylinux_2_17_ppc64le.manylinux2014_ppc64le.whl", hash = "sha256:667c132f1f3651c14522a119e4dd631fad98761fa960c55e8e7430bb2a1ba4ac"},
    {file = "orjson-3.11.5-cp310-cp310-manylinux_2_17_s390x.manylinux2014_s390x.whl", hash = "sha256:42e8961196af655bb5e63ce6c60d25e8798cd4dfbc04f4203457fa3869322c2e"},
    {file = "orjson-3.11.5-cp310-cp310-manylinux_2_17_x86_64.manylinux2014_x86_64.whl", hash = "sha256:75412ca06e20904c19170f8a24486c4e6c7887dea591ba18a1ab572f1300ee9f"},
    {file = "orjson-3.11.5-cp310-cp310-musllinux_1_2_aarch64.whl", hash = "sha256:6af8680328c69e15324b5af3ae38abbfcf9cbec37b5346ebfd52339c3d7e8a18"},
    {file = "orjson-3.11.5-cp310-cp310-musllinux_1_2_armv7l.whl", hash = "sha256:a86fe4ff4ea523eac8f4b57fdac319faf037d3c1be12405e6a7e86b3fbc4756a"},
    {file = "orjson-3.11.5-cp310-cp310-musllinux_1_2_i686.whl", hash = "sha256:e607b49b1a106ee2086633167033afbd63f76f2999e9236f638b06b112b24ea7"},
    {file = "orjson-3.11.5-cp310-cp310-musllinux_1_2_x86_64.whl", hash = "sha256:7339f41c244d0eea251637727f016b3d20050636695bc78345cce9029b189401"},
    {file = "orjson-3.11.5-cp310-cp310-win32.whl", hash = "sha256:8be318da8413cdbbce77b8c5fac8d13f6eb0f0db41b30bb598631412619572e8"},
    {file = "orjson-3.11.5-cp310-cp310-win_amd64.whl", hash = "sha256:b9f86d69ae822cabc2a0f6c099b43e8733dda788405cba2665595b7e8dd8d167"},
    {file = "orjson-3.11.5-cp311-cp311-macosx_10_15_x86_64.macosx_11_0_arm64.macosx_10_15_universal2.whl", hash = "sha256:9c8494625ad60a923af6b2b0bd74107146efe9b55099e20d7740d995f338fcd8"},
    {file = "orjson-3.11.5-cp311-cp311-macosx_15_0_arm64.whl", hash = "sha256:7bb2ce0b82bc9fd1168a513ddae7a857994b780b2945a8c51db4ab1c4b751ebc"},
    {file = "orjson-3.11.5-cp311-cp311-manylinux_2_17_aarch64.manylinux2014_aarch64.whl", hash = "sha256:67394d3becd50b954c4ecd24ac90b5051ee7c903d167459f93e77fc6f5b4c968"},
    {file = "orjson-3.11.5-cp311-cp311-manylinux_2_17_armv7l.manylinux2014_armv7l.whl", hash = "sha256:298d2451f375e5f17b897794bcc3e7b821c0f32b4788b9bcae47ada24d7f3cf7"},
    {file = "orjson-3.11.5-cp311-cp311-manylinux_2_17_i686.manylinux2014_i686.whl", hash = "sha256:aa5e4244063db8e1d87e0f54c3f7522f14b2dc937e65d5241ef0076a096409fd"},
    {file = "orjson-3.11.5-cp311-cp311-manylinux_2_17_ppc64le.manylinux2014_ppc64le.whl", hash = "sha256:1db2088b490761976c1b2e956d5d4e6409f3732e9d79cfa69f876c5248d1baf9"},
    {file = "orjson-3.11.5-cp311-cp311-manylinux_2_17_s390x.manylinux2014_s390x.whl", hash = "sha256:c2ed66358f32c24e10ceea518e16eb3549e34f33a9d51f99ce23b0251776a1ef"},
    {file = "orjson-3.11.5-cp311-cp311-manylinux_2_17_x86_64.manylinux2014_x86_64.whl", hash = "sha256:c2021afda46c1ed64d74b555065dbd4c2558d510d8cec5ea6a53001b3e5e82a9"},
    {file = "orjson-3.11.5-cp311-cp311-musllinux_1_2_aarch64.whl", hash = "sha256:b42ffbed9128e547a1647a3e50bc88ab28ae9daa61713962e0d3dd35e820c125"},
    {file = "orjson-3.11.5-cp311-cp311-musllinux_1_2_armv7l.whl", hash = "sha256:8d5f16195bb671a5dd3d1dbea758918bada8f6cc27de72bd64adfbd748770814"},
    {file = "orjson-3.11.5-cp311-cp311-musllinux_1_2_i686.whl", hash = "sha256:c0e5d9f7a0227df2927d343a6e3859bebf9208b427c79bd31949abcc2fa32fa5"},
    {file = "orjson-3.11.5-cp311-cp311-musllinux_1_2_x86_64.whl", hash = "sha256:23d04c4543e78f724c4dfe656b3791b5f98e4c9253e13b2636f1af5d90e4a880"},
    {file = "orjson-3.11.5-cp311-cp311-win32.whl", hash = "sha256:c404603df4865f8e0afe981aa3c4b62b406e6d06049564d58934860b62b7f91d"},
    {file = "orjson-3.11.5-cp311-cp311-win_amd64.whl", hash = "sha256:9645ef655735a74da4990c24ffbd6894828fbfa117bc97c1edd98c282ecb52e1"},
    {file = "orjson-3.11.5-cp311-cp311-win_arm64.whl", hash = "sha256:1cbf2735722623fcdee8e712cbaaab9e372bbcb0c7924ad711b261c2eccf4a5c"},
    {file = "orjson-3.11.5-cp312-cp312-macosx_10_15_x86_64.macosx_11_0_arm64.macosx_10_15_universal2.whl", hash = "sha256:334e5b4bff9ad101237c2d799d9fd45737752929753bf4faf4b207335a416b7d"},
    {file = "orjson-3.11.5-cp312-cp312-macosx_15_0_arm64.whl", hash = "sha256:ff770589960a86eae279f5d8aa536196ebda8273a2a07db2a54e82b93bc86626"},
    {file = "orjson-3.11.5-cp312-cp312-manylinux_2_17_aarch64.manylinux2014_aarch64.whl", hash = "sha256:ed24250e55efbcb0b35bed7caaec8cedf858ab2f9f2201f17b8938c618c8ca6f"},
    {file = "orjson-3.11.5-cp312-cp312-manylinux_2_17_armv7l.manylinux2014_armv7l.whl", hash = "sha256:a66d7769e98a08a12a139049aac2f0ca3adae989817f8c43337455fbc7669b85"},
    {file = "orjson-3.11.5-cp312-cp312-manylinux_2_17_i686.manylinux2014_i686.whl", hash = "sha256:86cfc555bfd5794d24c6a1903e558b50644e5e68e6471d66502ce5cb5fdef3f9"},
    {file = "orjson-3.11.5-cp312-cp312-manylinux_2_17_ppc64le.manylinux2014_ppc64le.whl", hash = "sha256:a230065027bc2a025e944f9d4714976a81e7ecfa940923283bca7bbc1f10f626"},
    {file = "orjson-3.11.5-cp312-cp312-manylinux_2_17_s390x.manylinux2014_s390x.whl", hash = "sha256:b29d36b60e606df01959c4b982729c8845c69d1963f88686608be9ced96dbfaa"},
    {file = "orjson-3.11.5-cp312-cp312-manylinux_2_17_x86_64.manylinux2014_x86_64.whl", hash = "sha256:c74099c6b230d4261fdc3169d50efc09abf38ace1a42ea2f9994b1d79153d477"},
    {file = "orjson-3.11.5-cp312-cp312-musllinux_1_2_aarch64.whl", hash = "sha256:e697d06ad57dd0c7a737771d470eedc18e68dfdefcdd3b7de7f33dfda5b6212e"},
    {file = "orjson-3.11.5-cp312-cp312-musllinux_1_2_armv7l.whl", hash = "sha256:e08ca8a6c851e95aaecc32bc44a5aa75d0ad26af8cdac7c77e4ed93acf3d5b69"},
    {file = "orjson-3.11.5-cp312-cp312-musllinux_1_2_i686.whl", hash = "sha256:e8b5f96c05fce7d0218df3fdfeb962d6b8cfff7e3e20264306b46dd8b217c0f3"},
    {file = "orjson-3.11.5-cp312-cp312-musllinux_1_2_x86_64.whl", hash = "sha256:ddbfdb5099b3e6ba6d6ea818f61997bb66de14b411357d24c4612cf1ebad08ca"},
    {file = "orjson-3.11.5-cp312-cp312-win32.whl", hash = "sha256:9172578c4eb09dbfcf1657d43198de59b6cef4054de385365060ed50c458ac98"},
    {file = "orjson-3.11.5-cp312-cp312-win_amd64.whl", hash = "sha256:2b91126e7b470ff2e75746f6f6ee32b9ab67b7a93c8ba1d15d3a0caaf16ec875"},
    {file = "orjson-3.11.5-cp312-cp312-win_arm64.whl", hash = "sha256:acbc5fac7e06777555b0722b8ad5f574739e99ffe99467ed63da98f97f9ca0fe"},
    {file = "orjson-3.11.5-cp313-cp313-macosx_10_15_x86_64.macosx_11_0_arm64.macosx_10_15_universal2.whl", hash = "sha256:3b01799262081a4c47c035dd77c1301d40f568f77cc7ec1bb7db5d63b0a01629"},
    {file = "orjson-3.11.5-cp313-cp313-macosx_15_0_arm64.whl", hash = "sha256:61de247948108484779f57a9f406e4c84d636fa5a59e411e6352484985e8a7c3"},
    {file = "orjson-3.11.5-cp313-cp313-manylinux_2_17_aarch64.manylinux2014_aarch64.whl", hash = "sha256:894aea2e63d4f24a7f04a1908307c738d0dce992e9249e744b8f4e8dd9197f39"},
    {file = "orjson-3.11.5-cp313-cp313-manylinux_2_17_armv7l.manylinux2014_armv7l.whl", hash = "sha256:ddc21521598dbe369d83d4d40338e23d4101dad21dae0e79fa20465dbace019f"},
    {file = "orjson-3.11.5-cp313-cp313-manylinux_2_17_i686.manylinux2014_i686.whl", hash = "sha256:7cce16ae2f5fb2c53c3eafdd1706cb7b6530a67cc1c17abe8ec747f5cd7c0c51"},
    {file = "orjson-3.11.5-cp313-cp313-manylinux_2_17_ppc64le.manylinux2014_ppc64le.whl", hash = "sha256:e46c762d9f0e1cfb4ccc8515de7f349abbc95b59cb5a2bd68df5973fdef913f8"},
    {file = "orjson-3.11.5-cp313-cp313-manylinux_2_17_s390x.manylinux2014_s390x.whl", hash = "sha256:d7345c759276b798ccd6d77a87136029e71e66a8bbf2d2755cbdde1d82e78706"},
    {file = "orjson-3.11.5-cp313-cp313-manylinux_2_17_x86_64.manylinux2014_x86_64.whl", hash = "sha256:75bc2e59e6a2ac1dd28901d07115abdebc4563b5b07dd612bf64260a201b1c7f"},
    {file = "orjson-3.11.5-cp313-cp313-musllinux_1_2_aarch64.whl", hash = "sha256:54aae9b654554c3b4edd61896b978568c6daa16af96fa4681c9b5babd469f863"},
    {file = "orjson-3.11.5-cp313-cp313-musllinux_1_2_armv7l.whl", hash = "sha256:4bdd8d164a871c4ec773f9de0f6fe8769c2d6727879c37a9666ba4183b7f8228"},
    {file = "orjson-3.11.5-cp313-cp313-musllinux_1_2_i686.whl", hash = "sha256:a261fef929bcf98a60713bf5e95ad067cea16ae345d9a35034e73c3990e927d2"},
    {file = "orjson-3.11.5-cp313-cp313-musllinux_1_2_x86_64.whl", hash = "sha256:c028a394c766693c5c9909dec76b24f37e6a1b91999e8d0c0d5feecbe93c3e05"},
    {file = "orjson-3.11.5-cp313-cp313-win32.whl", hash = "sha256:2cc79aaad1dfabe1bd2d50ee09814a1253164b3da4c00a78c458d82d04b3bdef"},
    {file = "orjson-3.11.5-cp313-cp313-win_amd64.whl", hash = "sha256:ff7877d376add4e16b274e35a3f58b7f37b362abf4aa31863dadacdd20e3a583"},
    {file = "orjson-3.11.5-cp313-cp313-win_arm64.whl", hash = "sha256:59ac72ea775c88b163ba8d21b0177628bd015c5dd060647bbab6e22da3aad287"},
    {file = "orjson-3.11.5-cp314-cp314-macosx_10_15_x86_64.macosx_11_0_arm64.macosx_10_15_universal2.whl", hash = "sha256:e446a8ea0a4c366ceafc7d97067bfd55292969143b57e3c846d87fc701e797a0"},
    {file = "orjson-3.11.5-cp314-cp314-macosx_15_0_arm64.whl", hash = "sha256:53deb5addae9c22bbe3739298f5f2196afa881ea75944e7720681c7080909a81"},
    {file = "orjson-3.11.5-cp314-cp314-manylinux_2_17_aarch64.manylinux2014_aarch64.whl", hash = "sha256:82cd00d49d6063d2b8791da5d4f9d20539c5951f965e45ccf4e96d33505ce68f"},
    {file = "orjson-3.11.5-cp314-cp314-manylinux_2_17_armv7l.manylinux2014_armv7l.whl", hash = "sha256:3fd15f9fc8c203aeceff4fda211157fad114dde66e92e24097b3647a08f4ee9e"},
    {file = "orjson-3.11.5-cp314-cp314-manylinux_2_17_i686.manylinux2014_i686.whl", hash = "sha256:9df95000fbe6777bf9820ae82ab7578e8662051bb5f83d71a28992f539d2cda7"},
    {file = "orjson-3.11.5-cp314-cp314-manylinux_2_17_ppc64le.manylinux2014_ppc64le.whl", hash = "sha256:92a8d676748fca47ade5bc3da7430ed7767afe51b2f8100e3cd65e151c0eaceb"},
    {file = "orjson-3.11.5-cp314-cp314-manylinux_2_17_s390x.manylinux2014_s390x.whl", hash = "sha256:aa0f513be38b40234c77975e68805506cad5d57b3dfd8fe3baa7f4f4051e15b4"},
    {file = "orjson-3.11.5-cp314-cp314-manylinux_2_17_x86_64.manylinux2014_x86_64.whl", hash = "sha256:fa1863e75b92891f553b7922ce4ee10ed06db061e104f2b7815de80cdcb135ad"},
    {file = "orjson-3.11.5-cp314-cp314-musllinux_1_2_aarch64.whl", hash = "sha256:d4be86b58e9ea262617b8ca6251a2f0d63cc132a6da4b5fcc8e0a4128782c829"},
    {file = "orjson-3.11.5-cp314-cp314-musllinux_1_2_armv7l.whl", hash = "sha256:b923c1c13fa02084eb38c9c065afd860a5cff58026813319a06949c3af5732ac"},
    {file = "orjson-3.11.5-cp314-cp314-musllinux_1_2_i686.whl", hash = "sha256:1b6bd351202b2cd987f35a13b5e16471cf4d952b42a73c391cc537974c43ef6d"},
    {file = "orjson-3.11.5-cp314-cp314-musllinux_1_2_x86_64.whl", hash = "sha256:bb150d529637d541e6af06bbe3d02f5498d628b7f98267ff87647584293ab439"},
    {file = "orjson-3.11.5-cp314-cp314-win32.whl", hash = "sha256:9cc1e55c884921434a84a0c3dd2699eb9f92e7b441d7f53f3941079ec6ce7499"},
    {file = "orjson-3.11.5-cp314-cp314-win_amd64.whl", hash = "sha256:a4f3cb2d874e03bc7767c8f88adaa1a9a05cecea3712649c3b58589ec7317310"},
    {file = "orjson-3.11.5-cp314-cp314-win_arm64.whl", hash = "sha256:38b22f476c351f9a1c43e5b07d8b5a02eb24a6ab8e75f700f7d479d4568346a5"},
    {file = "orjson-3.11.5-cp39-cp39-macosx_10_15_x86_64.macosx_11_0_arm64.macosx_10_15_universal2.whl", hash = "sha256:1b280e2d2d284a6713b0cfec7b08918ebe57df23e3f76b27586197afca3cb1e9"},
    {file = "orjson-3.11.5-cp39-cp39-manylinux_2_17_aarch64.manylinux2014_aarch64.whl", hash = "sha256:3c8d8a112b274fae8c5f0f01954cb0480137072c271f3f4958127b010dfefaec"},
    {file = "orjson-3.11.5-cp39-cp39-manylinux_2_17_armv7l.manylinux2014_armv7l.whl", hash = "sha256:5f0a2ae6f09ac7bd47d2d5a5305c1d9ed08ac057cda55bb0a49fa506f0d2da00"},
    {file = "orjson-3.11.5-cp39-cp39-manylinux_2_17_i686.manylinux2014_i686.whl", hash = "sha256:c0d87bd1896faac0d10b4f849016db81a63e4ec5df38757ffae84d45ab38aa71"},
    {file = "orjson-3.11.5-cp39-cp39-manylinux_2_17_ppc64le.manylinux2014_ppc64le.whl", hash = "sha256:801a821e8e6099b8c459ac7540b3c32dba6013437c57fdcaec205b169754f38c"},
    {file = "orjson-3.11.5-cp39-cp39-manylinux_2_17_s390x.manylinux2014_s390x.whl", hash = "sha256:69a0f6ac618c98c74b7fbc8c0172ba86f9e01dbf9f62aa0b1776c2231a7bffe5"},
    {file = "orjson-3.11.5-cp39-cp39-manylinux_2_17_x86_64.manylinux2014_x86_64.whl", hash = "sha256:fea7339bdd22e6f1060c55ac31b6a755d86a5b2ad3657f2669ec243f8e3b2bdb"},
    {file = "orjson-3.11.5-cp39-cp39-musllinux_1_2_aarch64.whl", hash = "sha256:4dad582bc93cef8f26513e12771e76385a7e6187fd713157e971c784112aad56"},
    {file = "orjson-3.11.5-cp39-cp39-musllinux_1_2_armv7l.whl", hash = "sha256:0522003e9f7fba91982e83a97fec0708f5a714c96c4209db7104e6b9d132f111"},
    {file = "orjson-3.11.5-cp39-cp39-musllinux_1_2_i686.whl", hash = "sha256:7403851e430a478440ecc1258bcbacbfbd8175f9ac1e39031a7121dd0de05ff8"},
    {file = "orjson-3.11.5-cp39-cp39-musllinux_1_2_x86_64.whl", hash = "sha256:5f691263425d3177977c8d1dd896cde7b98d93cbf390b2544a090675e83a6a0a"},
    {file = "orjson-3.11.5-cp39-cp39-win32.whl", hash = "sha256:61026196a1c4b968e1b1e540563e277843082e9e97d78afa03eb89315af531f1"},
    {file = "orjson-3.11.5-cp39-cp39-win_amd64.whl", hash = "sha256:09b94b947ac08586af635ef922d69dc9bc63321527a3a04647f4986a73f4bd30"},
    {file = "orjson-3.11.5.tar.gz", hash = "sha256:82393ab47b4fe44ffd0a7659fa9cfaacc717eb617c93cde83795f14af5c2e9d5"},
]

[[package]]
name = "sniffio"
version = "1.3.1"
description = "Sniff out which async library your code is running under"
optional = false
python-versions = ">=3.7"
groups = ["main"]
files = [
    {file = "sniffio-1.3.1-py3-none-any.whl", hash = "sha256:2f6da418d1f1e0fddd844478f41680e794e6051915791a034ff65e5f100525a2"},
    {file = "sniffio-1.3.1.tar.gz", hash = "sha256:f4324edc670a0f49750a81b895f35c3adb843cca46f0530f79fc1babb23789dc"},
]

[[package]]
name = "typing-extensions"
version = "4.12.2"
description = "Backported and Experimental Type Hints for Python 3.8+"
optional = false
python-versions = ">=3.8"
groups = ["main"]
markers = "python_version < \"3.11\""
files = [
    {file = "typing_extensions-4.12.2-py3-none-any.whl", hash = "sha256:04e5ca0351e0f3f85c6853954072df659d0d13fac324d0072316b67d7794700d"},
    {file = "typing_extensions-4.12.2.tar.gz", hash = "sha256:1a7ead55c7e559dd4dee8856e3a88b41225abfe1ce8df57b7c13915fe121ffb8"},
]

[metadata]
lock-version = "2.1"
python-versions = "^3.9.0,<4.0"
content-hash = "ec5109729f30d2033a10a10e8f8d3ed94c7d96d5d31025b4815b0123664bb063"
